// !$*UTF8*$!
{
	archiveVersion = 1;
	classes = {
	};
	objectVersion = 52;
	objects = {

/* Begin PBXBuildFile section */
		67DBB985625AAE59309D1693 /* Pods_RealmManager.framework in Frameworks */ = {isa = PBXBuildFile; fileRef = 334591F6DBD5E34037F7704A /* Pods_RealmManager.framework */; };
		C506D38A2324F374000B4209 /* RealmManager.h in Headers */ = {isa = PBXBuildFile; fileRef = C506D3882324F374000B4209 /* RealmManager.h */; settings = {ATTRIBUTES = (Public, ); }; };
		C553337A2327BB27005DFB80 /* Example.swift in Sources */ = {isa = PBXBuildFile; fileRef = C55333792327BB27005DFB80 /* Example.swift */; };
		C5FA32DF2324F8B300CFC13A /* RealmConfigurationFactory.swift in Sources */ = {isa = PBXBuildFile; fileRef = C5FA32DB2324F8B300CFC13A /* RealmConfigurationFactory.swift */; };
		C5FA32E02324F8B300CFC13A /* PersistableOnRealms.swift in Sources */ = {isa = PBXBuildFile; fileRef = C5FA32DC2324F8B300CFC13A /* PersistableOnRealms.swift */; };
		C5FA32E12324F8B300CFC13A /* RealmDataManager.swift in Sources */ = {isa = PBXBuildFile; fileRef = C5FA32DD2324F8B300CFC13A /* RealmDataManager.swift */; };
		C5FA32E22324F8B300CFC13A /* UserDataManager.swift in Sources */ = {isa = PBXBuildFile; fileRef = C5FA32DE2324F8B300CFC13A /* UserDataManager.swift */; };
		C5FA32EA2325033E00CFC13A /* RealmPath.swift in Sources */ = {isa = PBXBuildFile; fileRef = C5FA32E92325033E00CFC13A /* RealmPath.swift */; };
		C5FA32EE232504D900CFC13A /* RealmPathInstance.swift in Sources */ = {isa = PBXBuildFile; fileRef = C5FA32ED232504D900CFC13A /* RealmPathInstance.swift */; };
		C5FA32F02325051A00CFC13A /* RealmDataManagerProtocol.swift in Sources */ = {isa = PBXBuildFile; fileRef = C5FA32EF2325051A00CFC13A /* RealmDataManagerProtocol.swift */; };
/* End PBXBuildFile section */

/* Begin PBXFileReference section */
		334591F6DBD5E34037F7704A /* Pods_RealmManager.framework */ = {isa = PBXFileReference; explicitFileType = wrapper.framework; includeInIndex = 0; path = Pods_RealmManager.framework; sourceTree = BUILT_PRODUCTS_DIR; };
		831F198A33DC5E52490A3CD4 /* Pods-RealmManager.release.xcconfig */ = {isa = PBXFileReference; includeInIndex = 1; lastKnownFileType = text.xcconfig; name = "Pods-RealmManager.release.xcconfig"; path = "Target Support Files/Pods-RealmManager/Pods-RealmManager.release.xcconfig"; sourceTree = "<group>"; };
		B15FD9892A59E93521C9FA1B /* Pods-RealmManager.debug.xcconfig */ = {isa = PBXFileReference; includeInIndex = 1; lastKnownFileType = text.xcconfig; name = "Pods-RealmManager.debug.xcconfig"; path = "Target Support Files/Pods-RealmManager/Pods-RealmManager.debug.xcconfig"; sourceTree = "<group>"; };
		C506D3852324F374000B4209 /* RealmManager.framework */ = {isa = PBXFileReference; explicitFileType = wrapper.framework; includeInIndex = 0; path = RealmManager.framework; sourceTree = BUILT_PRODUCTS_DIR; };
		C506D3882324F374000B4209 /* RealmManager.h */ = {isa = PBXFileReference; lastKnownFileType = sourcecode.c.h; path = RealmManager.h; sourceTree = "<group>"; };
		C506D3892324F374000B4209 /* Info.plist */ = {isa = PBXFileReference; lastKnownFileType = text.plist.xml; path = Info.plist; sourceTree = "<group>"; };
		C55333792327BB27005DFB80 /* Example.swift */ = {isa = PBXFileReference; lastKnownFileType = sourcecode.swift; path = Example.swift; sourceTree = "<group>"; };
		C5FA32DB2324F8B300CFC13A /* RealmConfigurationFactory.swift */ = {isa = PBXFileReference; fileEncoding = 4; lastKnownFileType = sourcecode.swift; path = RealmConfigurationFactory.swift; sourceTree = "<group>"; };
		C5FA32DC2324F8B300CFC13A /* PersistableOnRealms.swift */ = {isa = PBXFileReference; fileEncoding = 4; lastKnownFileType = sourcecode.swift; path = PersistableOnRealms.swift; sourceTree = "<group>"; };
		C5FA32DD2324F8B300CFC13A /* RealmDataManager.swift */ = {isa = PBXFileReference; fileEncoding = 4; lastKnownFileType = sourcecode.swift; path = RealmDataManager.swift; sourceTree = "<group>"; };
		C5FA32DE2324F8B300CFC13A /* UserDataManager.swift */ = {isa = PBXFileReference; fileEncoding = 4; lastKnownFileType = sourcecode.swift; path = UserDataManager.swift; sourceTree = "<group>"; };
		C5FA32E92325033E00CFC13A /* RealmPath.swift */ = {isa = PBXFileReference; fileEncoding = 4; lastKnownFileType = sourcecode.swift; path = RealmPath.swift; sourceTree = "<group>"; };
		C5FA32ED232504D900CFC13A /* RealmPathInstance.swift */ = {isa = PBXFileReference; fileEncoding = 4; lastKnownFileType = sourcecode.swift; path = RealmPathInstance.swift; sourceTree = "<group>"; };
		C5FA32EF2325051A00CFC13A /* RealmDataManagerProtocol.swift */ = {isa = PBXFileReference; lastKnownFileType = sourcecode.swift; path = RealmDataManagerProtocol.swift; sourceTree = "<group>"; };
/* End PBXFileReference section */

/* Begin PBXFrameworksBuildPhase section */
		C506D3822324F374000B4209 /* Frameworks */ = {
			isa = PBXFrameworksBuildPhase;
			buildActionMask = 2147483647;
			files = (
				67DBB985625AAE59309D1693 /* Pods_RealmManager.framework in Frameworks */,
			);
			runOnlyForDeploymentPostprocessing = 0;
		};
/* End PBXFrameworksBuildPhase section */

/* Begin PBXGroup section */
		71D7CB3D04E2012AE1DFE910 /* Pods */ = {
			isa = PBXGroup;
			children = (
				B15FD9892A59E93521C9FA1B /* Pods-RealmManager.debug.xcconfig */,
				831F198A33DC5E52490A3CD4 /* Pods-RealmManager.release.xcconfig */,
			);
			path = Pods;
			sourceTree = "<group>";
		};
		AFF124C96BFE902EC78516D9 /* Frameworks */ = {
			isa = PBXGroup;
			children = (
				334591F6DBD5E34037F7704A /* Pods_RealmManager.framework */,
			);
			name = Frameworks;
			sourceTree = "<group>";
		};
		C506D37B2324F374000B4209 = {
			isa = PBXGroup;
			children = (
				C506D3872324F374000B4209 /* RealmManager */,
				C506D3862324F374000B4209 /* Products */,
				71D7CB3D04E2012AE1DFE910 /* Pods */,
				AFF124C96BFE902EC78516D9 /* Frameworks */,
			);
			sourceTree = "<group>";
		};
		C506D3862324F374000B4209 /* Products */ = {
			isa = PBXGroup;
			children = (
				C506D3852324F374000B4209 /* RealmManager.framework */,
			);
			name = Products;
			sourceTree = "<group>";
		};
		C506D3872324F374000B4209 /* RealmManager */ = {
			isa = PBXGroup;
			children = (
				C55333782327BB18005DFB80 /* Example */,
				C5FA32DA2324F8A400CFC13A /* Source */,
				C506D3882324F374000B4209 /* RealmManager.h */,
				C506D3892324F374000B4209 /* Info.plist */,
			);
			path = RealmManager;
			sourceTree = "<group>";
		};
		C55333782327BB18005DFB80 /* Example */ = {
			isa = PBXGroup;
			children = (
				C55333792327BB27005DFB80 /* Example.swift */,
				C5FA32DE2324F8B300CFC13A /* UserDataManager.swift */,
			);
			path = Example;
			sourceTree = "<group>";
		};
		C5FA32DA2324F8A400CFC13A /* Source */ = {
			isa = PBXGroup;
			children = (
				C5FA32F32325056C00CFC13A /* Persistable */,
				C5FA32F22325056000CFC13A /* RealmPath */,
				C5FA32F12325053100CFC13A /* RealmDataManager */,
			);
			path = Source;
			sourceTree = "<group>";
		};
		C5FA32F12325053100CFC13A /* RealmDataManager */ = {
			isa = PBXGroup;
			children = (
				C5FA32DB2324F8B300CFC13A /* RealmConfigurationFactory.swift */,
				C5FA32EF2325051A00CFC13A /* RealmDataManagerProtocol.swift */,
				C5FA32DD2324F8B300CFC13A /* RealmDataManager.swift */,
			);
			path = RealmDataManager;
			sourceTree = "<group>";
		};
		C5FA32F22325056000CFC13A /* RealmPath */ = {
			isa = PBXGroup;
			children = (
				C5FA32E92325033E00CFC13A /* RealmPath.swift */,
				C5FA32ED232504D900CFC13A /* RealmPathInstance.swift */,
			);
			path = RealmPath;
			sourceTree = "<group>";
		};
		C5FA32F32325056C00CFC13A /* Persistable */ = {
			isa = PBXGroup;
			children = (
				C5FA32DC2324F8B300CFC13A /* PersistableOnRealms.swift */,
			);
			path = Persistable;
			sourceTree = "<group>";
		};
/* End PBXGroup section */

/* Begin PBXHeadersBuildPhase section */
		C506D3802324F374000B4209 /* Headers */ = {
			isa = PBXHeadersBuildPhase;
			buildActionMask = 2147483647;
			files = (
				C506D38A2324F374000B4209 /* RealmManager.h in Headers */,
			);
			runOnlyForDeploymentPostprocessing = 0;
		};
/* End PBXHeadersBuildPhase section */

/* Begin PBXNativeTarget section */
		C506D3842324F374000B4209 /* RealmManager */ = {
			isa = PBXNativeTarget;
			buildConfigurationList = C506D38D2324F374000B4209 /* Build configuration list for PBXNativeTarget "RealmManager" */;
			buildPhases = (
				493B8A488EDF1952BE888DF1 /* [CP] Check Pods Manifest.lock */,
				C506D3802324F374000B4209 /* Headers */,
				C506D3812324F374000B4209 /* Sources */,
				C506D3822324F374000B4209 /* Frameworks */,
				C506D3832324F374000B4209 /* Resources */,
			);
			buildRules = (
			);
			dependencies = (
			);
			name = RealmManager;
			productName = RealmManager;
			productReference = C506D3852324F374000B4209 /* RealmManager.framework */;
			productType = "com.apple.product-type.framework";
		};
/* End PBXNativeTarget section */

/* Begin PBXProject section */
		C506D37C2324F374000B4209 /* Project object */ = {
			isa = PBXProject;
			attributes = {
				LastUpgradeCheck = 1030;
				ORGANIZATIONNAME = "Luca Celiento";
				TargetAttributes = {
					C506D3842324F374000B4209 = {
						CreatedOnToolsVersion = 10.3;
						LastSwiftMigration = 1030;
					};
				};
			};
			buildConfigurationList = C506D37F2324F374000B4209 /* Build configuration list for PBXProject "RealmManager" */;
			compatibilityVersion = "Xcode 11.0";
			developmentRegion = en;
			hasScannedForEncodings = 0;
			knownRegions = (
				en,
			);
			mainGroup = C506D37B2324F374000B4209;
			productRefGroup = C506D3862324F374000B4209 /* Products */;
			projectDirPath = "";
			projectRoot = "";
			targets = (
				C506D3842324F374000B4209 /* RealmManager */,
			);
		};
/* End PBXProject section */

/* Begin PBXResourcesBuildPhase section */
		C506D3832324F374000B4209 /* Resources */ = {
			isa = PBXResourcesBuildPhase;
			buildActionMask = 2147483647;
			files = (
			);
			runOnlyForDeploymentPostprocessing = 0;
		};
/* End PBXResourcesBuildPhase section */

/* Begin PBXShellScriptBuildPhase section */
		493B8A488EDF1952BE888DF1 /* [CP] Check Pods Manifest.lock */ = {
			isa = PBXShellScriptBuildPhase;
			buildActionMask = 2147483647;
			files = (
			);
			inputFileListPaths = (
			);
			inputPaths = (
				"${PODS_PODFILE_DIR_PATH}/Podfile.lock",
				"${PODS_ROOT}/Manifest.lock",
			);
			name = "[CP] Check Pods Manifest.lock";
			outputFileListPaths = (
			);
			outputPaths = (
				"$(DERIVED_FILE_DIR)/Pods-RealmManager-checkManifestLockResult.txt",
			);
			runOnlyForDeploymentPostprocessing = 0;
			shellPath = /bin/sh;
			shellScript = "diff \"${PODS_PODFILE_DIR_PATH}/Podfile.lock\" \"${PODS_ROOT}/Manifest.lock\" > /dev/null\nif [ $? != 0 ] ; then\n    # print error to STDERR\n    echo \"error: The sandbox is not in sync with the Podfile.lock. Run 'pod install' or update your CocoaPods installation.\" >&2\n    exit 1\nfi\n# This output is used by Xcode 'outputs' to avoid re-running this script phase.\necho \"SUCCESS\" > \"${SCRIPT_OUTPUT_FILE_0}\"\n";
			showEnvVarsInLog = 0;
		};
/* End PBXShellScriptBuildPhase section */

/* Begin PBXSourcesBuildPhase section */
		C506D3812324F374000B4209 /* Sources */ = {
			isa = PBXSourcesBuildPhase;
			buildActionMask = 2147483647;
			files = (
				C5FA32E22324F8B300CFC13A /* UserDataManager.swift in Sources */,
				C5FA32E02324F8B300CFC13A /* PersistableOnRealms.swift in Sources */,
				C5FA32DF2324F8B300CFC13A /* RealmConfigurationFactory.swift in Sources */,
				C5FA32F02325051A00CFC13A /* RealmDataManagerProtocol.swift in Sources */,
				C553337A2327BB27005DFB80 /* Example.swift in Sources */,
				C5FA32E12324F8B300CFC13A /* RealmDataManager.swift in Sources */,
				C5FA32EA2325033E00CFC13A /* RealmPath.swift in Sources */,
				C5FA32EE232504D900CFC13A /* RealmPathInstance.swift in Sources */,
			);
			runOnlyForDeploymentPostprocessing = 0;
		};
/* End PBXSourcesBuildPhase section */

/* Begin XCBuildConfiguration section */
		C506D38B2324F374000B4209 /* Debug */ = {
			isa = XCBuildConfiguration;
			buildSettings = {
				ALWAYS_SEARCH_USER_PATHS = NO;
				CLANG_ANALYZER_NONNULL = YES;
				CLANG_ANALYZER_NUMBER_OBJECT_CONVERSION = YES_AGGRESSIVE;
				CLANG_CXX_LANGUAGE_STANDARD = "gnu++14";
				CLANG_CXX_LIBRARY = "libc++";
				CLANG_ENABLE_MODULES = YES;
				CLANG_ENABLE_OBJC_ARC = YES;
				CLANG_ENABLE_OBJC_WEAK = YES;
				CLANG_WARN_BLOCK_CAPTURE_AUTORELEASING = YES;
				CLANG_WARN_BOOL_CONVERSION = YES;
				CLANG_WARN_COMMA = YES;
				CLANG_WARN_CONSTANT_CONVERSION = YES;
				CLANG_WARN_DEPRECATED_OBJC_IMPLEMENTATIONS = YES;
				CLANG_WARN_DIRECT_OBJC_ISA_USAGE = YES_ERROR;
				CLANG_WARN_DOCUMENTATION_COMMENTS = YES;
				CLANG_WARN_EMPTY_BODY = YES;
				CLANG_WARN_ENUM_CONVERSION = YES;
				CLANG_WARN_INFINITE_RECURSION = YES;
				CLANG_WARN_INT_CONVERSION = YES;
				CLANG_WARN_NON_LITERAL_NULL_CONVERSION = YES;
				CLANG_WARN_OBJC_IMPLICIT_RETAIN_SELF = YES;
				CLANG_WARN_OBJC_LITERAL_CONVERSION = YES;
				CLANG_WARN_OBJC_ROOT_CLASS = YES_ERROR;
				CLANG_WARN_RANGE_LOOP_ANALYSIS = YES;
				CLANG_WARN_STRICT_PROTOTYPES = YES;
				CLANG_WARN_SUSPICIOUS_MOVE = YES;
				CLANG_WARN_UNGUARDED_AVAILABILITY = YES_AGGRESSIVE;
				CLANG_WARN_UNREACHABLE_CODE = YES;
				CLANG_WARN__DUPLICATE_METHOD_MATCH = YES;
				CODE_SIGN_IDENTITY = "iPhone Developer";
				COPY_PHASE_STRIP = NO;
				CURRENT_PROJECT_VERSION = 1;
				DEBUG_INFORMATION_FORMAT = dwarf;
				ENABLE_STRICT_OBJC_MSGSEND = YES;
				ENABLE_TESTABILITY = YES;
				GCC_C_LANGUAGE_STANDARD = gnu11;
				GCC_DYNAMIC_NO_PIC = NO;
				GCC_NO_COMMON_BLOCKS = YES;
				GCC_OPTIMIZATION_LEVEL = 0;
				GCC_PREPROCESSOR_DEFINITIONS = (
					"DEBUG=1",
					"$(inherited)",
				);
				GCC_WARN_64_TO_32_BIT_CONVERSION = YES;
				GCC_WARN_ABOUT_RETURN_TYPE = YES_ERROR;
				GCC_WARN_UNDECLARED_SELECTOR = YES;
				GCC_WARN_UNINITIALIZED_AUTOS = YES_AGGRESSIVE;
				GCC_WARN_UNUSED_FUNCTION = YES;
				GCC_WARN_UNUSED_VARIABLE = YES;
				IPHONEOS_DEPLOYMENT_TARGET = 12.4;
				MTL_ENABLE_DEBUG_INFO = INCLUDE_SOURCE;
				MTL_FAST_MATH = YES;
				ONLY_ACTIVE_ARCH = YES;
				SDKROOT = iphoneos;
				SWIFT_ACTIVE_COMPILATION_CONDITIONS = DEBUG;
				SWIFT_OPTIMIZATION_LEVEL = "-Onone";
				VERSIONING_SYSTEM = "apple-generic";
				VERSION_INFO_PREFIX = "";
			};
			name = Debug;
		};
		C506D38C2324F374000B4209 /* Release */ = {
			isa = XCBuildConfiguration;
			buildSettings = {
				ALWAYS_SEARCH_USER_PATHS = NO;
				CLANG_ANALYZER_NONNULL = YES;
				CLANG_ANALYZER_NUMBER_OBJECT_CONVERSION = YES_AGGRESSIVE;
				CLANG_CXX_LANGUAGE_STANDARD = "gnu++14";
				CLANG_CXX_LIBRARY = "libc++";
				CLANG_ENABLE_MODULES = YES;
				CLANG_ENABLE_OBJC_ARC = YES;
				CLANG_ENABLE_OBJC_WEAK = YES;
				CLANG_WARN_BLOCK_CAPTURE_AUTORELEASING = YES;
				CLANG_WARN_BOOL_CONVERSION = YES;
				CLANG_WARN_COMMA = YES;
				CLANG_WARN_CONSTANT_CONVERSION = YES;
				CLANG_WARN_DEPRECATED_OBJC_IMPLEMENTATIONS = YES;
				CLANG_WARN_DIRECT_OBJC_ISA_USAGE = YES_ERROR;
				CLANG_WARN_DOCUMENTATION_COMMENTS = YES;
				CLANG_WARN_EMPTY_BODY = YES;
				CLANG_WARN_ENUM_CONVERSION = YES;
				CLANG_WARN_INFINITE_RECURSION = YES;
				CLANG_WARN_INT_CONVERSION = YES;
				CLANG_WARN_NON_LITERAL_NULL_CONVERSION = YES;
				CLANG_WARN_OBJC_IMPLICIT_RETAIN_SELF = YES;
				CLANG_WARN_OBJC_LITERAL_CONVERSION = YES;
				CLANG_WARN_OBJC_ROOT_CLASS = YES_ERROR;
				CLANG_WARN_RANGE_LOOP_ANALYSIS = YES;
				CLANG_WARN_STRICT_PROTOTYPES = YES;
				CLANG_WARN_SUSPICIOUS_MOVE = YES;
				CLANG_WARN_UNGUARDED_AVAILABILITY = YES_AGGRESSIVE;
				CLANG_WARN_UNREACHABLE_CODE = YES;
				CLANG_WARN__DUPLICATE_METHOD_MATCH = YES;
				CODE_SIGN_IDENTITY = "iPhone Developer";
				COPY_PHASE_STRIP = NO;
				CURRENT_PROJECT_VERSION = 1;
				DEBUG_INFORMATION_FORMAT = "dwarf-with-dsym";
				ENABLE_NS_ASSERTIONS = NO;
				ENABLE_STRICT_OBJC_MSGSEND = YES;
				GCC_C_LANGUAGE_STANDARD = gnu11;
				GCC_NO_COMMON_BLOCKS = YES;
				GCC_WARN_64_TO_32_BIT_CONVERSION = YES;
				GCC_WARN_ABOUT_RETURN_TYPE = YES_ERROR;
				GCC_WARN_UNDECLARED_SELECTOR = YES;
				GCC_WARN_UNINITIALIZED_AUTOS = YES_AGGRESSIVE;
				GCC_WARN_UNUSED_FUNCTION = YES;
				GCC_WARN_UNUSED_VARIABLE = YES;
				IPHONEOS_DEPLOYMENT_TARGET = 12.4;
				MTL_ENABLE_DEBUG_INFO = NO;
				MTL_FAST_MATH = YES;
				SDKROOT = iphoneos;
				SWIFT_COMPILATION_MODE = wholemodule;
				SWIFT_OPTIMIZATION_LEVEL = "-O";
				VALIDATE_PRODUCT = YES;
				VERSIONING_SYSTEM = "apple-generic";
				VERSION_INFO_PREFIX = "";
			};
			name = Release;
		};
		C506D38E2324F374000B4209 /* Debug */ = {
			isa = XCBuildConfiguration;
			baseConfigurationReference = B15FD9892A59E93521C9FA1B /* Pods-RealmManager.debug.xcconfig */;
			buildSettings = {
				CLANG_ENABLE_MODULES = YES;
				CODE_SIGN_IDENTITY = "";
				CODE_SIGN_STYLE = Automatic;
				DEFINES_MODULE = YES;
				DEVELOPMENT_TEAM = Y4EKQRJF2V;
				DYLIB_COMPATIBILITY_VERSION = 1;
				DYLIB_CURRENT_VERSION = 1;
				DYLIB_INSTALL_NAME_BASE = "@rpath";
				INFOPLIST_FILE = RealmManager/Info.plist;
				INSTALL_PATH = "$(LOCAL_LIBRARY_DIR)/Frameworks";
				LD_RUNPATH_SEARCH_PATHS = (
					"$(inherited)",
					"@executable_path/Frameworks",
					"@loader_path/Frameworks",
				);
				PRODUCT_BUNDLE_IDENTIFIER = it.lucaceliento.RealmManager;
				PRODUCT_NAME = "$(TARGET_NAME:c99extidentifier)";
				SKIP_INSTALL = YES;
				SWIFT_OPTIMIZATION_LEVEL = "-Onone";
				SWIFT_VERSION = 5.0;
				TARGETED_DEVICE_FAMILY = "1,2";
			};
			name = Debug;
		};
		C506D38F2324F374000B4209 /* Release */ = {
			isa = XCBuildConfiguration;
			baseConfigurationReference = 831F198A33DC5E52490A3CD4 /* Pods-RealmManager.release.xcconfig */;
			buildSettings = {
				CLANG_ENABLE_MODULES = YES;
				CODE_SIGN_IDENTITY = "";
				CODE_SIGN_STYLE = Automatic;
				DEFINES_MODULE = YES;
				DEVELOPMENT_TEAM = Y4EKQRJF2V;
				DYLIB_COMPATIBILITY_VERSION = 1;
				DYLIB_CURRENT_VERSION = 1;
				DYLIB_INSTALL_NAME_BASE = "@rpath";
				INFOPLIST_FILE = RealmManager/Info.plist;
				INSTALL_PATH = "$(LOCAL_LIBRARY_DIR)/Frameworks";
				LD_RUNPATH_SEARCH_PATHS = (
					"$(inherited)",
					"@executable_path/Frameworks",
					"@loader_path/Frameworks",
				);
				PRODUCT_BUNDLE_IDENTIFIER = it.lucaceliento.RealmManager;
				PRODUCT_NAME = "$(TARGET_NAME:c99extidentifier)";
				SKIP_INSTALL = YES;
				SWIFT_VERSION = 5.0;
				TARGETED_DEVICE_FAMILY = "1,2";
			};
			name = Release;
		};
/* End XCBuildConfiguration section */

/* Begin XCConfigurationList section */
		C506D37F2324F374000B4209 /* Build configuration list for PBXProject "RealmManager" */ = {
			isa = XCConfigurationList;
			buildConfigurations = (
				C506D38B2324F374000B4209 /* Debug */,
				C506D38C2324F374000B4209 /* Release */,
			);
			defaultConfigurationIsVisible = 0;
			defaultConfigurationName = Release;
		};
		C506D38D2324F374000B4209 /* Build configuration list for PBXNativeTarget "RealmManager" */ = {
			isa = XCConfigurationList;
			buildConfigurations = (
				C506D38E2324F374000B4209 /* Debug */,
				C506D38F2324F374000B4209 /* Release */,
			);
			defaultConfigurationIsVisible = 0;
			defaultConfigurationName = Release;
		};
/* End XCConfigurationList section */
	};
	rootObject = C506D37C2324F374000B4209 /* Project object */;
}
